// !$*UTF8*$!
{
	archiveVersion = 1;
	classes = {
	};
	objectVersion = 52;
	objects = {

/* Begin PBXBuildFile section */
		61F446CD27032E73002603EF /* AppDelegate.swift in Sources */ = {isa = PBXBuildFile; fileRef = 61F446CC27032E73002603EF /* AppDelegate.swift */; };
		61F446CF27032E73002603EF /* SceneDelegate.swift in Sources */ = {isa = PBXBuildFile; fileRef = 61F446CE27032E73002603EF /* SceneDelegate.swift */; };
		61F446D127032E73002603EF /* ViewController.swift in Sources */ = {isa = PBXBuildFile; fileRef = 61F446D027032E73002603EF /* ViewController.swift */; };
		61F446D427032E73002603EF /* Main.storyboard in Resources */ = {isa = PBXBuildFile; fileRef = 61F446D227032E73002603EF /* Main.storyboard */; };
		61F446D627032E76002603EF /* Assets.xcassets in Resources */ = {isa = PBXBuildFile; fileRef = 61F446D527032E76002603EF /* Assets.xcassets */; };
		61F446D927032E76002603EF /* LaunchScreen.storyboard in Resources */ = {isa = PBXBuildFile; fileRef = 61F446D727032E76002603EF /* LaunchScreen.storyboard */; };
		61F446E427032E77002603EF /* FlickerDemoTests.swift in Sources */ = {isa = PBXBuildFile; fileRef = 61F446E327032E77002603EF /* FlickerDemoTests.swift */; };
		61F446EF27032E77002603EF /* FlickerDemoUITests.swift in Sources */ = {isa = PBXBuildFile; fileRef = 61F446EE27032E77002603EF /* FlickerDemoUITests.swift */; };
		61F447002703307F002603EF /* FlickerStore.swift in Sources */ = {isa = PBXBuildFile; fileRef = 61F446FF2703307F002603EF /* FlickerStore.swift */; };
		61F4470627033484002603EF /* Alamofire in Frameworks */ = {isa = PBXBuildFile; productRef = 61F4470527033484002603EF /* Alamofire */; };
		61F4470B27033D77002603EF /* Photo.swift in Sources */ = {isa = PBXBuildFile; fileRef = 61F4470A27033D76002603EF /* Photo.swift */; };
		61F4471027036FBC002603EF /* PhotoCollectionViewCell.swift in Sources */ = {isa = PBXBuildFile; fileRef = 61F4470F27036FBC002603EF /* PhotoCollectionViewCell.swift */; };
		61F4471D270370CA002603EF /* PhotoViewController.swift in Sources */ = {isa = PBXBuildFile; fileRef = 61F4471C270370CA002603EF /* PhotoViewController.swift */; };
/* End PBXBuildFile section */

/* Begin PBXContainerItemProxy section */
		61F446E027032E77002603EF /* PBXContainerItemProxy */ = {
			isa = PBXContainerItemProxy;
			containerPortal = 61F446C127032E73002603EF /* Project object */;
			proxyType = 1;
			remoteGlobalIDString = 61F446C827032E73002603EF;
			remoteInfo = FlickerDemo;
		};
		61F446EB27032E77002603EF /* PBXContainerItemProxy */ = {
			isa = PBXContainerItemProxy;
			containerPortal = 61F446C127032E73002603EF /* Project object */;
			proxyType = 1;
			remoteGlobalIDString = 61F446C827032E73002603EF;
			remoteInfo = FlickerDemo;
		};
/* End PBXContainerItemProxy section */

/* Begin PBXFileReference section */
		61F446C927032E73002603EF /* FlickerDemo.app */ = {isa = PBXFileReference; explicitFileType = wrapper.application; includeInIndex = 0; path = FlickerDemo.app; sourceTree = BUILT_PRODUCTS_DIR; };
		61F446CC27032E73002603EF /* AppDelegate.swift */ = {isa = PBXFileReference; lastKnownFileType = sourcecode.swift; path = AppDelegate.swift; sourceTree = "<group>"; };
		61F446CE27032E73002603EF /* SceneDelegate.swift */ = {isa = PBXFileReference; lastKnownFileType = sourcecode.swift; path = SceneDelegate.swift; sourceTree = "<group>"; };
		61F446D027032E73002603EF /* ViewController.swift */ = {isa = PBXFileReference; lastKnownFileType = sourcecode.swift; path = ViewController.swift; sourceTree = "<group>"; };
		61F446D327032E73002603EF /* Base */ = {isa = PBXFileReference; lastKnownFileType = file.storyboard; name = Base; path = Base.lproj/Main.storyboard; sourceTree = "<group>"; };
		61F446D527032E76002603EF /* Assets.xcassets */ = {isa = PBXFileReference; lastKnownFileType = folder.assetcatalog; path = Assets.xcassets; sourceTree = "<group>"; };
		61F446D827032E76002603EF /* Base */ = {isa = PBXFileReference; lastKnownFileType = file.storyboard; name = Base; path = Base.lproj/LaunchScreen.storyboard; sourceTree = "<group>"; };
		61F446DA27032E76002603EF /* Info.plist */ = {isa = PBXFileReference; lastKnownFileType = text.plist.xml; path = Info.plist; sourceTree = "<group>"; };
		61F446DF27032E77002603EF /* FlickerDemoTests.xctest */ = {isa = PBXFileReference; explicitFileType = wrapper.cfbundle; includeInIndex = 0; path = FlickerDemoTests.xctest; sourceTree = BUILT_PRODUCTS_DIR; };
		61F446E327032E77002603EF /* FlickerDemoTests.swift */ = {isa = PBXFileReference; lastKnownFileType = sourcecode.swift; path = FlickerDemoTests.swift; sourceTree = "<group>"; };
		61F446E527032E77002603EF /* Info.plist */ = {isa = PBXFileReference; lastKnownFileType = text.plist.xml; path = Info.plist; sourceTree = "<group>"; };
		61F446EA27032E77002603EF /* FlickerDemoUITests.xctest */ = {isa = PBXFileReference; explicitFileType = wrapper.cfbundle; includeInIndex = 0; path = FlickerDemoUITests.xctest; sourceTree = BUILT_PRODUCTS_DIR; };
		61F446EE27032E77002603EF /* FlickerDemoUITests.swift */ = {isa = PBXFileReference; lastKnownFileType = sourcecode.swift; path = FlickerDemoUITests.swift; sourceTree = "<group>"; };
		61F446F027032E77002603EF /* Info.plist */ = {isa = PBXFileReference; lastKnownFileType = text.plist.xml; path = Info.plist; sourceTree = "<group>"; };
		61F446FF2703307F002603EF /* FlickerStore.swift */ = {isa = PBXFileReference; lastKnownFileType = sourcecode.swift; path = FlickerStore.swift; sourceTree = "<group>"; };
		61F4470A27033D76002603EF /* Photo.swift */ = {isa = PBXFileReference; lastKnownFileType = sourcecode.swift; path = Photo.swift; sourceTree = "<group>"; };
		61F4470F27036FBC002603EF /* PhotoCollectionViewCell.swift */ = {isa = PBXFileReference; lastKnownFileType = sourcecode.swift; path = PhotoCollectionViewCell.swift; sourceTree = "<group>"; };
		61F4471C270370CA002603EF /* PhotoViewController.swift */ = {isa = PBXFileReference; lastKnownFileType = sourcecode.swift; path = PhotoViewController.swift; sourceTree = "<group>"; };
/* End PBXFileReference section */

/* Begin PBXFrameworksBuildPhase section */
		61F446C627032E73002603EF /* Frameworks */ = {
			isa = PBXFrameworksBuildPhase;
			buildActionMask = 2147483647;
			files = (
				61F4470627033484002603EF /* Alamofire in Frameworks */,
			);
			runOnlyForDeploymentPostprocessing = 0;
		};
		61F446DC27032E77002603EF /* Frameworks */ = {
			isa = PBXFrameworksBuildPhase;
			buildActionMask = 2147483647;
			files = (
			);
			runOnlyForDeploymentPostprocessing = 0;
		};
		61F446E727032E77002603EF /* Frameworks */ = {
			isa = PBXFrameworksBuildPhase;
			buildActionMask = 2147483647;
			files = (
			);
			runOnlyForDeploymentPostprocessing = 0;
		};
/* End PBXFrameworksBuildPhase section */

/* Begin PBXGroup section */
		61F446C027032E73002603EF = {
			isa = PBXGroup;
			children = (
				61F446CB27032E73002603EF /* FlickerDemo */,
				61F446E227032E77002603EF /* FlickerDemoTests */,
				61F446ED27032E77002603EF /* FlickerDemoUITests */,
				61F446CA27032E73002603EF /* Products */,
			);
			sourceTree = "<group>";
		};
		61F446CA27032E73002603EF /* Products */ = {
			isa = PBXGroup;
			children = (
				61F446C927032E73002603EF /* FlickerDemo.app */,
				61F446DF27032E77002603EF /* FlickerDemoTests.xctest */,
				61F446EA27032E77002603EF /* FlickerDemoUITests.xctest */,
			);
			name = Products;
			sourceTree = "<group>";
		};
		61F446CB27032E73002603EF /* FlickerDemo */ = {
			isa = PBXGroup;
			children = (
				61F446CC27032E73002603EF /* AppDelegate.swift */,
				61F446CE27032E73002603EF /* SceneDelegate.swift */,
				61F446D027032E73002603EF /* ViewController.swift */,
				61F446FF2703307F002603EF /* FlickerStore.swift */,
				61F4470A27033D76002603EF /* Photo.swift */,
				61F446D227032E73002603EF /* Main.storyboard */,
				61F4470F27036FBC002603EF /* PhotoCollectionViewCell.swift */,
				61F446D527032E76002603EF /* Assets.xcassets */,
				61F446D727032E76002603EF /* LaunchScreen.storyboard */,
				61F446DA27032E76002603EF /* Info.plist */,
				61F4471C270370CA002603EF /* PhotoViewController.swift */,
			);
			path = FlickerDemo;
			sourceTree = "<group>";
		};
		61F446E227032E77002603EF /* FlickerDemoTests */ = {
			isa = PBXGroup;
			children = (
				61F446E327032E77002603EF /* FlickerDemoTests.swift */,
				61F446E527032E77002603EF /* Info.plist */,
			);
			path = FlickerDemoTests;
			sourceTree = "<group>";
		};
		61F446ED27032E77002603EF /* FlickerDemoUITests */ = {
			isa = PBXGroup;
			children = (
				61F446EE27032E77002603EF /* FlickerDemoUITests.swift */,
				61F446F027032E77002603EF /* Info.plist */,
			);
			path = FlickerDemoUITests;
			sourceTree = "<group>";
		};
/* End PBXGroup section */

/* Begin PBXNativeTarget section */
		61F446C827032E73002603EF /* FlickerDemo */ = {
			isa = PBXNativeTarget;
			buildConfigurationList = 61F446F327032E77002603EF /* Build configuration list for PBXNativeTarget "FlickerDemo" */;
			buildPhases = (
				61F446C527032E73002603EF /* Sources */,
				61F446C627032E73002603EF /* Frameworks */,
				61F446C727032E73002603EF /* Resources */,
			);
			buildRules = (
			);
			dependencies = (
			);
			name = FlickerDemo;
			packageProductDependencies = (
				61F4470527033484002603EF /* Alamofire */,
			);
			productName = FlickerDemo;
			productReference = 61F446C927032E73002603EF /* FlickerDemo.app */;
			productType = "com.apple.product-type.application";
		};
		61F446DE27032E77002603EF /* FlickerDemoTests */ = {
			isa = PBXNativeTarget;
			buildConfigurationList = 61F446F627032E77002603EF /* Build configuration list for PBXNativeTarget "FlickerDemoTests" */;
			buildPhases = (
				61F446DB27032E77002603EF /* Sources */,
				61F446DC27032E77002603EF /* Frameworks */,
				61F446DD27032E77002603EF /* Resources */,
			);
			buildRules = (
			);
			dependencies = (
				61F446E127032E77002603EF /* PBXTargetDependency */,
			);
			name = FlickerDemoTests;
			productName = FlickerDemoTests;
			productReference = 61F446DF27032E77002603EF /* FlickerDemoTests.xctest */;
			productType = "com.apple.product-type.bundle.unit-test";
		};
		61F446E927032E77002603EF /* FlickerDemoUITests */ = {
			isa = PBXNativeTarget;
			buildConfigurationList = 61F446F927032E77002603EF /* Build configuration list for PBXNativeTarget "FlickerDemoUITests" */;
			buildPhases = (
				61F446E627032E77002603EF /* Sources */,
				61F446E727032E77002603EF /* Frameworks */,
				61F446E827032E77002603EF /* Resources */,
			);
			buildRules = (
			);
			dependencies = (
				61F446EC27032E77002603EF /* PBXTargetDependency */,
			);
			name = FlickerDemoUITests;
			productName = FlickerDemoUITests;
			productReference = 61F446EA27032E77002603EF /* FlickerDemoUITests.xctest */;
			productType = "com.apple.product-type.bundle.ui-testing";
		};
/* End PBXNativeTarget section */

/* Begin PBXProject section */
		61F446C127032E73002603EF /* Project object */ = {
			isa = PBXProject;
			attributes = {
				LastSwiftUpdateCheck = 1240;
				LastUpgradeCheck = 1240;
				TargetAttributes = {
					61F446C827032E73002603EF = {
						CreatedOnToolsVersion = 12.4;
					};
					61F446DE27032E77002603EF = {
						CreatedOnToolsVersion = 12.4;
						TestTargetID = 61F446C827032E73002603EF;
					};
					61F446E927032E77002603EF = {
						CreatedOnToolsVersion = 12.4;
						TestTargetID = 61F446C827032E73002603EF;
					};
				};
			};
			buildConfigurationList = 61F446C427032E73002603EF /* Build configuration list for PBXProject "FlickerDemo" */;
			compatibilityVersion = "Xcode 9.3";
			developmentRegion = en;
			hasScannedForEncodings = 0;
			knownRegions = (
				en,
				Base,
			);
			mainGroup = 61F446C027032E73002603EF;
			packageReferences = (
				61F4470427033484002603EF /* XCRemoteSwiftPackageReference "Alamofire" */,
			);
			productRefGroup = 61F446CA27032E73002603EF /* Products */;
			projectDirPath = "";
			projectRoot = "";
			targets = (
				61F446C827032E73002603EF /* FlickerDemo */,
				61F446DE27032E77002603EF /* FlickerDemoTests */,
				61F446E927032E77002603EF /* FlickerDemoUITests */,
			);
		};
/* End PBXProject section */

/* Begin PBXResourcesBuildPhase section */
		61F446C727032E73002603EF /* Resources */ = {
			isa = PBXResourcesBuildPhase;
			buildActionMask = 2147483647;
			files = (
				61F446D927032E76002603EF /* LaunchScreen.storyboard in Resources */,
				61F446D627032E76002603EF /* Assets.xcassets in Resources */,
				61F446D427032E73002603EF /* Main.storyboard in Resources */,
			);
			runOnlyForDeploymentPostprocessing = 0;
		};
		61F446DD27032E77002603EF /* Resources */ = {
			isa = PBXResourcesBuildPhase;
			buildActionMask = 2147483647;
			files = (
			);
			runOnlyForDeploymentPostprocessing = 0;
		};
		61F446E827032E77002603EF /* Resources */ = {
			isa = PBXResourcesBuildPhase;
			buildActionMask = 2147483647;
			files = (
			);
			runOnlyForDeploymentPostprocessing = 0;
		};
/* End PBXResourcesBuildPhase section */

/* Begin PBXSourcesBuildPhase section */
		61F446C527032E73002603EF /* Sources */ = {
			isa = PBXSourcesBuildPhase;
			buildActionMask = 2147483647;
			files = (
				61F446D127032E73002603EF /* ViewController.swift in Sources */,
				61F446CD27032E73002603EF /* AppDelegate.swift in Sources */,
				61F447002703307F002603EF /* FlickerStore.swift in Sources */,
				61F446CF27032E73002603EF /* SceneDelegate.swift in Sources */,
				61F4471D270370CA002603EF /* PhotoViewController.swift in Sources */,
				61F4470B27033D77002603EF /* Photo.swift in Sources */,
				61F4471027036FBC002603EF /* PhotoCollectionViewCell.swift in Sources */,
			);
			runOnlyForDeploymentPostprocessing = 0;
		};
		61F446DB27032E77002603EF /* Sources */ = {
			isa = PBXSourcesBuildPhase;
			buildActionMask = 2147483647;
			files = (
				61F446E427032E77002603EF /* FlickerDemoTests.swift in Sources */,
			);
			runOnlyForDeploymentPostprocessing = 0;
		};
		61F446E627032E77002603EF /* Sources */ = {
			isa = PBXSourcesBuildPhase;
			buildActionMask = 2147483647;
			files = (
				61F446EF27032E77002603EF /* FlickerDemoUITests.swift in Sources */,
			);
			runOnlyForDeploymentPostprocessing = 0;
		};
/* End PBXSourcesBuildPhase section */

/* Begin PBXTargetDependency section */
		61F446E127032E77002603EF /* PBXTargetDependency */ = {
			isa = PBXTargetDependency;
			target = 61F446C827032E73002603EF /* FlickerDemo */;
			targetProxy = 61F446E027032E77002603EF /* PBXContainerItemProxy */;
		};
		61F446EC27032E77002603EF /* PBXTargetDependency */ = {
			isa = PBXTargetDependency;
			target = 61F446C827032E73002603EF /* FlickerDemo */;
			targetProxy = 61F446EB27032E77002603EF /* PBXContainerItemProxy */;
		};
/* End PBXTargetDependency section */

/* Begin PBXVariantGroup section */
		61F446D227032E73002603EF /* Main.storyboard */ = {
			isa = PBXVariantGroup;
			children = (
				61F446D327032E73002603EF /* Base */,
			);
			name = Main.storyboard;
			sourceTree = "<group>";
		};
		61F446D727032E76002603EF /* LaunchScreen.storyboard */ = {
			isa = PBXVariantGroup;
			children = (
				61F446D827032E76002603EF /* Base */,
			);
			name = LaunchScreen.storyboard;
			sourceTree = "<group>";
		};
/* End PBXVariantGroup section */

/* Begin XCBuildConfiguration section */
		61F446F127032E77002603EF /* Debug */ = {
			isa = XCBuildConfiguration;
			buildSettings = {
				ALWAYS_SEARCH_USER_PATHS = NO;
				CLANG_ANALYZER_NONNULL = YES;
				CLANG_ANALYZER_NUMBER_OBJECT_CONVERSION = YES_AGGRESSIVE;
				CLANG_CXX_LANGUAGE_STANDARD = "gnu++14";
				CLANG_CXX_LIBRARY = "libc++";
				CLANG_ENABLE_MODULES = YES;
				CLANG_ENABLE_OBJC_ARC = YES;
				CLANG_ENABLE_OBJC_WEAK = YES;
				CLANG_WARN_BLOCK_CAPTURE_AUTORELEASING = YES;
				CLANG_WARN_BOOL_CONVERSION = YES;
				CLANG_WARN_COMMA = YES;
				CLANG_WARN_CONSTANT_CONVERSION = YES;
				CLANG_WARN_DEPRECATED_OBJC_IMPLEMENTATIONS = YES;
				CLANG_WARN_DIRECT_OBJC_ISA_USAGE = YES_ERROR;
				CLANG_WARN_DOCUMENTATION_COMMENTS = YES;
				CLANG_WARN_EMPTY_BODY = YES;
				CLANG_WARN_ENUM_CONVERSION = YES;
				CLANG_WARN_INFINITE_RECURSION = YES;
				CLANG_WARN_INT_CONVERSION = YES;
				CLANG_WARN_NON_LITERAL_NULL_CONVERSION = YES;
				CLANG_WARN_OBJC_IMPLICIT_RETAIN_SELF = YES;
				CLANG_WARN_OBJC_LITERAL_CONVERSION = YES;
				CLANG_WARN_OBJC_ROOT_CLASS = YES_ERROR;
				CLANG_WARN_QUOTED_INCLUDE_IN_FRAMEWORK_HEADER = YES;
				CLANG_WARN_RANGE_LOOP_ANALYSIS = YES;
				CLANG_WARN_STRICT_PROTOTYPES = YES;
				CLANG_WARN_SUSPICIOUS_MOVE = YES;
				CLANG_WARN_UNGUARDED_AVAILABILITY = YES_AGGRESSIVE;
				CLANG_WARN_UNREACHABLE_CODE = YES;
				CLANG_WARN__DUPLICATE_METHOD_MATCH = YES;
				COPY_PHASE_STRIP = NO;
				DEBUG_INFORMATION_FORMAT = dwarf;
				ENABLE_STRICT_OBJC_MSGSEND = YES;
				ENABLE_TESTABILITY = YES;
				GCC_C_LANGUAGE_STANDARD = gnu11;
				GCC_DYNAMIC_NO_PIC = NO;
				GCC_NO_COMMON_BLOCKS = YES;
				GCC_OPTIMIZATION_LEVEL = 0;
				GCC_PREPROCESSOR_DEFINITIONS = (
					"DEBUG=1",
					"$(inherited)",
				);
				GCC_WARN_64_TO_32_BIT_CONVERSION = YES;
				GCC_WARN_ABOUT_RETURN_TYPE = YES_ERROR;
				GCC_WARN_UNDECLARED_SELECTOR = YES;
				GCC_WARN_UNINITIALIZED_AUTOS = YES_AGGRESSIVE;
				GCC_WARN_UNUSED_FUNCTION = YES;
				GCC_WARN_UNUSED_VARIABLE = YES;
				IPHONEOS_DEPLOYMENT_TARGET = 14.4;
				MTL_ENABLE_DEBUG_INFO = INCLUDE_SOURCE;
				MTL_FAST_MATH = YES;
				ONLY_ACTIVE_ARCH = YES;
				SDKROOT = iphoneos;
				SWIFT_ACTIVE_COMPILATION_CONDITIONS = DEBUG;
				SWIFT_OPTIMIZATION_LEVEL = "-Onone";
			};
			name = Debug;
		};
		61F446F227032E77002603EF /* Release */ = {
			isa = XCBuildConfiguration;
			buildSettings = {
				ALWAYS_SEARCH_USER_PATHS = NO;
				CLANG_ANALYZER_NONNULL = YES;
				CLANG_ANALYZER_NUMBER_OBJECT_CONVERSION = YES_AGGRESSIVE;
				CLANG_CXX_LANGUAGE_STANDARD = "gnu++14";
				CLANG_CXX_LIBRARY = "libc++";
				CLANG_ENABLE_MODULES = YES;
				CLANG_ENABLE_OBJC_ARC = YES;
				CLANG_ENABLE_OBJC_WEAK = YES;
				CLANG_WARN_BLOCK_CAPTURE_AUTORELEASING = YES;
				CLANG_WARN_BOOL_CONVERSION = YES;
				CLANG_WARN_COMMA = YES;
				CLANG_WARN_CONSTANT_CONVERSION = YES;
				CLANG_WARN_DEPRECATED_OBJC_IMPLEMENTATIONS = YES;
				CLANG_WARN_DIRECT_OBJC_ISA_USAGE = YES_ERROR;
				CLANG_WARN_DOCUMENTATION_COMMENTS = YES;
				CLANG_WARN_EMPTY_BODY = YES;
				CLANG_WARN_ENUM_CONVERSION = YES;
				CLANG_WARN_INFINITE_RECURSION = YES;
				CLANG_WARN_INT_CONVERSION = YES;
				CLANG_WARN_NON_LITERAL_NULL_CONVERSION = YES;
				CLANG_WARN_OBJC_IMPLICIT_RETAIN_SELF = YES;
				CLANG_WARN_OBJC_LITERAL_CONVERSION = YES;
				CLANG_WARN_OBJC_ROOT_CLASS = YES_ERROR;
				CLANG_WARN_QUOTED_INCLUDE_IN_FRAMEWORK_HEADER = YES;
				CLANG_WARN_RANGE_LOOP_ANALYSIS = YES;
				CLANG_WARN_STRICT_PROTOTYPES = YES;
				CLANG_WARN_SUSPICIOUS_MOVE = YES;
				CLANG_WARN_UNGUARDED_AVAILABILITY = YES_AGGRESSIVE;
				CLANG_WARN_UNREACHABLE_CODE = YES;
				CLANG_WARN__DUPLICATE_METHOD_MATCH = YES;
				COPY_PHASE_STRIP = NO;
				DEBUG_INFORMATION_FORMAT = "dwarf-with-dsym";
				ENABLE_NS_ASSERTIONS = NO;
				ENABLE_STRICT_OBJC_MSGSEND = YES;
				GCC_C_LANGUAGE_STANDARD = gnu11;
				GCC_NO_COMMON_BLOCKS = YES;
				GCC_WARN_64_TO_32_BIT_CONVERSION = YES;
				GCC_WARN_ABOUT_RETURN_TYPE = YES_ERROR;
				GCC_WARN_UNDECLARED_SELECTOR = YES;
				GCC_WARN_UNINITIALIZED_AUTOS = YES_AGGRESSIVE;
				GCC_WARN_UNUSED_FUNCTION = YES;
				GCC_WARN_UNUSED_VARIABLE = YES;
				IPHONEOS_DEPLOYMENT_TARGET = 14.4;
				MTL_ENABLE_DEBUG_INFO = NO;
				MTL_FAST_MATH = YES;
				SDKROOT = iphoneos;
				SWIFT_COMPILATION_MODE = wholemodule;
				SWIFT_OPTIMIZATION_LEVEL = "-O";
				VALIDATE_PRODUCT = YES;
			};
			name = Release;
		};
		61F446F427032E77002603EF /* Debug */ = {
			isa = XCBuildConfiguration;
			buildSettings = {
				ASSETCATALOG_COMPILER_APPICON_NAME = AppIcon;
				ASSETCATALOG_COMPILER_GLOBAL_ACCENT_COLOR_NAME = AccentColor;
				CODE_SIGN_STYLE = Automatic;
				INFOPLIST_FILE = FlickerDemo/Info.plist;
				LD_RUNPATH_SEARCH_PATHS = (
					"$(inherited)",
					"@executable_path/Frameworks",
				);
				PRODUCT_BUNDLE_IDENTIFIER = A.FlickerDemo;
				PRODUCT_NAME = "$(TARGET_NAME)";
				SWIFT_VERSION = 5.0;
				TARGETED_DEVICE_FAMILY = "1,2";
			};
			name = Debug;
		};
		61F446F527032E77002603EF /* Release */ = {
			isa = XCBuildConfiguration;
			buildSettings = {
				ASSETCATALOG_COMPILER_APPICON_NAME = AppIcon;
				ASSETCATALOG_COMPILER_GLOBAL_ACCENT_COLOR_NAME = AccentColor;
				CODE_SIGN_STYLE = Automatic;
				INFOPLIST_FILE = FlickerDemo/Info.plist;
				LD_RUNPATH_SEARCH_PATHS = (
					"$(inherited)",
					"@executable_path/Frameworks",
				);
				PRODUCT_BUNDLE_IDENTIFIER = A.FlickerDemo;
				PRODUCT_NAME = "$(TARGET_NAME)";
				SWIFT_VERSION = 5.0;
				TARGETED_DEVICE_FAMILY = "1,2";
			};
			name = Release;
		};
		61F446F727032E77002603EF /* Debug */ = {
			isa = XCBuildConfiguration;
			buildSettings = {
				ALWAYS_EMBED_SWIFT_STANDARD_LIBRARIES = YES;
				BUNDLE_LOADER = "$(TEST_HOST)";
				CODE_SIGN_STYLE = Automatic;
				INFOPLIST_FILE = FlickerDemoTests/Info.plist;
				IPHONEOS_DEPLOYMENT_TARGET = 14.4;
				LD_RUNPATH_SEARCH_PATHS = (
					"$(inherited)",
					"@executable_path/Frameworks",
					"@loader_path/Frameworks",
				);
				PRODUCT_BUNDLE_IDENTIFIER = A.FlickerDemoTests;
				PRODUCT_NAME = "$(TARGET_NAME)";
				SWIFT_VERSION = 5.0;
				TARGETED_DEVICE_FAMILY = "1,2";
				TEST_HOST = "$(BUILT_PRODUCTS_DIR)/FlickerDemo.app/FlickerDemo";
			};
			name = Debug;
		};
		61F446F827032E77002603EF /* Release */ = {
			isa = XCBuildConfiguration;
			buildSettings = {
				ALWAYS_EMBED_SWIFT_STANDARD_LIBRARIES = YES;
				BUNDLE_LOADER = "$(TEST_HOST)";
				CODE_SIGN_STYLE = Automatic;
				INFOPLIST_FILE = FlickerDemoTests/Info.plist;
				IPHONEOS_DEPLOYMENT_TARGET = 14.4;
				LD_RUNPATH_SEARCH_PATHS = (
					"$(inherited)",
					"@executable_path/Frameworks",
					"@loader_path/Frameworks",
				);
				PRODUCT_BUNDLE_IDENTIFIER = A.FlickerDemoTests;
				PRODUCT_NAME = "$(TARGET_NAME)";
				SWIFT_VERSION = 5.0;
				TARGETED_DEVICE_FAMILY = "1,2";
				TEST_HOST = "$(BUILT_PRODUCTS_DIR)/FlickerDemo.app/FlickerDemo";
			};
			name = Release;
		};
		61F446FA27032E77002603EF /* Debug */ = {
			isa = XCBuildConfiguration;
			buildSettings = {
				ALWAYS_EMBED_SWIFT_STANDARD_LIBRARIES = YES;
				CODE_SIGN_STYLE = Automatic;
				INFOPLIST_FILE = FlickerDemoUITests/Info.plist;
				LD_RUNPATH_SEARCH_PATHS = (
					"$(inherited)",
					"@executable_path/Frameworks",
					"@loader_path/Frameworks",
				);
				PRODUCT_BUNDLE_IDENTIFIER = A.FlickerDemoUITests;
				PRODUCT_NAME = "$(TARGET_NAME)";
				SWIFT_VERSION = 5.0;
				TARGETED_DEVICE_FAMILY = "1,2";
				TEST_TARGET_NAME = FlickerDemo;
			};
			name = Debug;
		};
		61F446FB27032E77002603EF /* Release */ = {
			isa = XCBuildConfiguration;
			buildSettings = {
				ALWAYS_EMBED_SWIFT_STANDARD_LIBRARIES = YES;
				CODE_SIGN_STYLE = Automatic;
				INFOPLIST_FILE = FlickerDemoUITests/Info.plist;
				LD_RUNPATH_SEARCH_PATHS = (
					"$(inherited)",
					"@executable_path/Frameworks",
					"@loader_path/Frameworks",
				);
				PRODUCT_BUNDLE_IDENTIFIER = A.FlickerDemoUITests;
				PRODUCT_NAME = "$(TARGET_NAME)";
				SWIFT_VERSION = 5.0;
				TARGETED_DEVICE_FAMILY = "1,2";
				TEST_TARGET_NAME = FlickerDemo;
			};
			name = Release;
		};
/* End XCBuildConfiguration section */

/* Begin XCConfigurationList section */
		61F446C427032E73002603EF /* Build configuration list for PBXProject "FlickerDemo" */ = {
			isa = XCConfigurationList;
			buildConfigurations = (
				61F446F127032E77002603EF /* Debug */,
				61F446F227032E77002603EF /* Release */,
			);
			defaultConfigurationIsVisible = 0;
			defaultConfigurationName = Release;
		};
		61F446F327032E77002603EF /* Build configuration list for PBXNativeTarget "FlickerDemo" */ = {
			isa = XCConfigurationList;
			buildConfigurations = (
				61F446F427032E77002603EF /* Debug */,
				61F446F527032E77002603EF /* Release */,
			);
			defaultConfigurationIsVisible = 0;
			defaultConfigurationName = Release;
		};
		61F446F627032E77002603EF /* Build configuration list for PBXNativeTarget "FlickerDemoTests" */ = {
			isa = XCConfigurationList;
			buildConfigurations = (
				61F446F727032E77002603EF /* Debug */,
				61F446F827032E77002603EF /* Release */,
			);
			defaultConfigurationIsVisible = 0;
			defaultConfigurationName = Release;
		};
		61F446F927032E77002603EF /* Build configuration list for PBXNativeTarget "FlickerDemoUITests" */ = {
			isa = XCConfigurationList;
			buildConfigurations = (
				61F446FA27032E77002603EF /* Debug */,
				61F446FB27032E77002603EF /* Release */,
			);
			defaultConfigurationIsVisible = 0;
			defaultConfigurationName = Release;
		};
/* End XCConfigurationList section */

/* Begin XCRemoteSwiftPackageReference section */
		61F4470427033484002603EF /* XCRemoteSwiftPackageReference "Alamofire" */ = {
			isa = XCRemoteSwiftPackageReference;
			repositoryURL = "https://github.com/Alamofire/Alamofire";
			requirement = {
				kind = upToNextMajorVersion;
				minimumVersion = 5.4.4;
			};
		};
/* End XCRemoteSwiftPackageReference section */

/* Begin XCSwiftPackageProductDependency section */
		61F4470527033484002603EF /* Alamofire */ = {
			isa = XCSwiftPackageProductDependency;
			package = 61F4470427033484002603EF /* XCRemoteSwiftPackageReference "Alamofire" */;
			productName = Alamofire;
		};
/* End XCSwiftPackageProductDependency section */
	};
	rootObject = 61F446C127032E73002603EF /* Project object */;
}
